PODS:
  - RFAboutView-Swift (1.0.13)

DEPENDENCIES:
  - RFAboutView-Swift (from `../`)

EXTERNAL SOURCES:
  RFAboutView-Swift:
    :path: "../"

SPEC CHECKSUMS:
  RFAboutView-Swift: adf5182855fad90c799c02b373aae4243153ecab

PODFILE CHECKSUM: 0e015e66abcb7d37020a7cdc8a6b914a4d7941ee

COCOAPODS: 1.1.1
